
Microsoft Visual Studio Solution File, Format Version 12.00
# Visual Studio Version 16
VisualStudioVersion = 16.0.29911.84
MinimumVisualStudioVersion = 10.0.40219.1
Project("{2150E333-8FDC-42A3-9474-1A3956D46DE8}") = "Samples", "Samples", "{12979B4B-E9EA-4715-BDD2-E25874E52BE3}"
EndProject
Project("{2150E333-8FDC-42A3-9474-1A3956D46DE8}") = "Kafka", "Kafka", "{C0958086-05D5-435F-A74E-0C4B2F47D059}"
EndProject
Project("{9A19103F-16F7-4668-BE54-9A1E7A4F7556}") = "MicroserviceA", "Samples\Kafka\MicroserviceA\MicroserviceA.csproj", "{9D6A7917-B52E-4112-84BA-1165BB361041}"
EndProject
Project("{9A19103F-16F7-4668-BE54-9A1E7A4F7556}") = "MicroserviceB", "Samples\Kafka\MicroserviceB\MicroserviceB.csproj", "{2B8D8A77-72DD-417E-AB8E-B27DB50F081C}"
EndProject
Project("{2150E333-8FDC-42A3-9474-1A3956D46DE8}") = "RabbitMQ", "RabbitMQ", "{69271C96-41B3-482E-9513-89AAC0DE82BB}"
EndProject
Project("{9A19103F-16F7-4668-BE54-9A1E7A4F7556}") = "MicroserviceA", "Samples\RabbitMQ\MicroserviceA\MicroserviceA.csproj", "{F8AD926F-DE41-46BD-93F0-BDE051A6D88A}"
EndProject
Project("{9A19103F-16F7-4668-BE54-9A1E7A4F7556}") = "MicroserviceB", "Samples\RabbitMQ\MicroserviceB\MicroserviceB.csproj", "{0BAC1310-1C7B-427B-81FF-F77D960551FE}"
EndProject
Project("{9A19103F-16F7-4668-BE54-9A1E7A4F7556}") = "ApolloBus", "EventBus\ApolloBus.csproj", "{6287C0DB-B675-4AED-95B2-D2A1E0FA2F9F}"
EndProject
Project("{2150E333-8FDC-42A3-9474-1A3956D46DE8}") = "ServiceBus", "ServiceBus", "{AE9807F7-3C6D-4814-957D-70AE4C6C3308}"
EndProject
Project("{FAE04EC0-301F-11D3-BF4B-00C04F79EFBC}") = "MicroserviceA", "MicroserviceA\MicroserviceA.csproj", "{CCF7D717-BF09-4736-8809-105E268E96A3}"
EndProject
Project("{FAE04EC0-301F-11D3-BF4B-00C04F79EFBC}") = "MicroserviceB", "MicroserviceB\MicroserviceB.csproj", "{3456B350-4976-41F8-BA5C-D700EA437AE4}"
EndProject
Global
	GlobalSection(SolutionConfigurationPlatforms) = preSolution
		Debug|Any CPU = Debug|Any CPU
		Release|Any CPU = Release|Any CPU
	EndGlobalSection
	GlobalSection(ProjectConfigurationPlatforms) = postSolution
		{9D6A7917-B52E-4112-84BA-1165BB361041}.Debug|Any CPU.ActiveCfg = Debug|Any CPU
		{9D6A7917-B52E-4112-84BA-1165BB361041}.Debug|Any CPU.Build.0 = Debug|Any CPU
		{9D6A7917-B52E-4112-84BA-1165BB361041}.Release|Any CPU.ActiveCfg = Release|Any CPU
		{9D6A7917-B52E-4112-84BA-1165BB361041}.Release|Any CPU.Build.0 = Release|Any CPU
		{2B8D8A77-72DD-417E-AB8E-B27DB50F081C}.Debug|Any CPU.ActiveCfg = Debug|Any CPU
		{2B8D8A77-72DD-417E-AB8E-B27DB50F081C}.Debug|Any CPU.Build.0 = Debug|Any CPU
		{2B8D8A77-72DD-417E-AB8E-B27DB50F081C}.Release|Any CPU.ActiveCfg = Release|Any CPU
		{2B8D8A77-72DD-417E-AB8E-B27DB50F081C}.Release|Any CPU.Build.0 = Release|Any CPU
		{F8AD926F-DE41-46BD-93F0-BDE051A6D88A}.Debug|Any CPU.ActiveCfg = Debug|Any CPU
		{F8AD926F-DE41-46BD-93F0-BDE051A6D88A}.Debug|Any CPU.Build.0 = Debug|Any CPU
		{F8AD926F-DE41-46BD-93F0-BDE051A6D88A}.Release|Any CPU.ActiveCfg = Release|Any CPU
		{F8AD926F-DE41-46BD-93F0-BDE051A6D88A}.Release|Any CPU.Build.0 = Release|Any CPU
		{0BAC1310-1C7B-427B-81FF-F77D960551FE}.Debug|Any CPU.ActiveCfg = Debug|Any CPU
		{0BAC1310-1C7B-427B-81FF-F77D960551FE}.Debug|Any CPU.Build.0 = Debug|Any CPU
		{0BAC1310-1C7B-427B-81FF-F77D960551FE}.Release|Any CPU.ActiveCfg = Release|Any CPU
		{0BAC1310-1C7B-427B-81FF-F77D960551FE}.Release|Any CPU.Build.0 = Release|Any CPU
		{6287C0DB-B675-4AED-95B2-D2A1E0FA2F9F}.Debug|Any CPU.ActiveCfg = Debug|Any CPU
		{6287C0DB-B675-4AED-95B2-D2A1E0FA2F9F}.Debug|Any CPU.Build.0 = Debug|Any CPU
		{6287C0DB-B675-4AED-95B2-D2A1E0FA2F9F}.Release|Any CPU.ActiveCfg = Release|Any CPU
		{6287C0DB-B675-4AED-95B2-D2A1E0FA2F9F}.Release|Any CPU.Build.0 = Release|Any CPU
		{CCF7D717-BF09-4736-8809-105E268E96A3}.Debug|Any CPU.ActiveCfg = Debug|Any CPU
		{CCF7D717-BF09-4736-8809-105E268E96A3}.Debug|Any CPU.Build.0 = Debug|Any CPU
		{CCF7D717-BF09-4736-8809-105E268E96A3}.Release|Any CPU.ActiveCfg = Release|Any CPU
		{CCF7D717-BF09-4736-8809-105E268E96A3}.Release|Any CPU.Build.0 = Release|Any CPU
		{3456B350-4976-41F8-BA5C-D700EA437AE4}.Debug|Any CPU.ActiveCfg = Debug|Any CPU
		{3456B350-4976-41F8-BA5C-D700EA437AE4}.Debug|Any CPU.Build.0 = Debug|Any CPU
		{3456B350-4976-41F8-BA5C-D700EA437AE4}.Release|Any CPU.ActiveCfg = Release|Any CPU
		{3456B350-4976-41F8-BA5C-D700EA437AE4}.Release|Any CPU.Build.0 = Release|Any CPU
	EndGlobalSection
	GlobalSection(SolutionProperties) = preSolution
		HideSolutionNode = FALSE
	EndGlobalSection
	GlobalSection(NestedProjects) = preSolution
		{C0958086-05D5-435F-A74E-0C4B2F47D059} = {12979B4B-E9EA-4715-BDD2-E25874E52BE3}
		{9D6A7917-B52E-4112-84BA-1165BB361041} = {C0958086-05D5-435F-A74E-0C4B2F47D059}
		{2B8D8A77-72DD-417E-AB8E-B27DB50F081C} = {C0958086-05D5-435F-A74E-0C4B2F47D059}
		{69271C96-41B3-482E-9513-89AAC0DE82BB} = {12979B4B-E9EA-4715-BDD2-E25874E52BE3}
		{F8AD926F-DE41-46BD-93F0-BDE051A6D88A} = {69271C96-41B3-482E-9513-89AAC0DE82BB}
		{0BAC1310-1C7B-427B-81FF-F77D960551FE} = {69271C96-41B3-482E-9513-89AAC0DE82BB}
		{AE9807F7-3C6D-4814-957D-70AE4C6C3308} = {12979B4B-E9EA-4715-BDD2-E25874E52BE3}
		{CCF7D717-BF09-4736-8809-105E268E96A3} = {AE9807F7-3C6D-4814-957D-70AE4C6C3308}
		{3456B350-4976-41F8-BA5C-D700EA437AE4} = {AE9807F7-3C6D-4814-957D-70AE4C6C3308}
	EndGlobalSection
	GlobalSection(ExtensibilityGlobals) = postSolution
		SolutionGuid = {1FFC8CB3-5346-47D6-A14E-B346265D9675}
	EndGlobalSection
EndGlobal
