
Microsoft Visual Studio Solution File, Format Version 12.00
# Visual Studio Version 16
VisualStudioVersion = 16.0.29911.84
MinimumVisualStudioVersion = 10.0.40219.1
Project("{9A19103F-16F7-4668-BE54-9A1E7A4F7556}") = "ApolloBus", "EventBus\ApolloBus.csproj", "{6287C0DB-B675-4AED-95B2-D2A1E0FA2F9F}"
EndProject
Global
	GlobalSection(SolutionConfigurationPlatforms) = preSolution
		Debug|Any CPU = Debug|Any CPU
		Release|Any CPU = Release|Any CPU
	EndGlobalSection
	GlobalSection(ProjectConfigurationPlatforms) = postSolution
		{6287C0DB-B675-4AED-95B2-D2A1E0FA2F9F}.Debug|Any CPU.ActiveCfg = Debug|Any CPU
		{6287C0DB-B675-4AED-95B2-D2A1E0FA2F9F}.Debug|Any CPU.Build.0 = Debug|Any CPU
		{6287C0DB-B675-4AED-95B2-D2A1E0FA2F9F}.Release|Any CPU.ActiveCfg = Release|Any CPU
		{6287C0DB-B675-4AED-95B2-D2A1E0FA2F9F}.Release|Any CPU.Build.0 = Release|Any CPU
	EndGlobalSection
	GlobalSection(SolutionProperties) = preSolution
		HideSolutionNode = FALSE
	EndGlobalSection
	GlobalSection(ExtensibilityGlobals) = postSolution
		SolutionGuid = {1FFC8CB3-5346-47D6-A14E-B346265D9675}
	EndGlobalSection
EndGlobal
